// !$*UTF8*$!
{
	archiveVersion = 1;
	classes = {
	};
	objectVersion = 46;
	objects = {

/* Begin PBXBuildFile section */
		28435738193F71C6005BE04B /* AppDelegate.swift in Sources */ = {isa = PBXBuildFile; fileRef = 28435737193F71C6005BE04B /* AppDelegate.swift */; };
		2843573A193F71C6005BE04B /* ViewController.swift in Sources */ = {isa = PBXBuildFile; fileRef = 28435739193F71C6005BE04B /* ViewController.swift */; };
		2843573D193F71C6005BE04B /* Main.storyboard in Resources */ = {isa = PBXBuildFile; fileRef = 2843573B193F71C6005BE04B /* Main.storyboard */; };
		2843573F193F71C6005BE04B /* Images.xcassets in Resources */ = {isa = PBXBuildFile; fileRef = 2843573E193F71C6005BE04B /* Images.xcassets */; };
		2843574B193F71C7005BE04B /* TRZSyncScrollNavBarTitleTests.swift in Sources */ = {isa = PBXBuildFile; fileRef = 2843574A193F71C7005BE04B /* TRZSyncScrollNavBarTitleTests.swift */; };
/* End PBXBuildFile section */

/* Begin PBXContainerItemProxy section */
		28435745193F71C7005BE04B /* PBXContainerItemProxy */ = {
			isa = PBXContainerItemProxy;
			containerPortal = 2843572A193F71C6005BE04B /* Project object */;
			proxyType = 1;
			remoteGlobalIDString = 28435731193F71C6005BE04B;
			remoteInfo = TRZSyncScrollNavBarTitle;
		};
/* End PBXContainerItemProxy section */

/* Begin PBXFileReference section */
		28435732193F71C6005BE04B /* TRZSyncScrollNavBarTitle.app */ = {isa = PBXFileReference; explicitFileType = wrapper.application; includeInIndex = 0; path = TRZSyncScrollNavBarTitle.app; sourceTree = BUILT_PRODUCTS_DIR; };
		28435736193F71C6005BE04B /* Info.plist */ = {isa = PBXFileReference; lastKnownFileType = text.plist.xml; path = Info.plist; sourceTree = "<group>"; };
		28435737193F71C6005BE04B /* AppDelegate.swift */ = {isa = PBXFileReference; lastKnownFileType = sourcecode.swift; path = AppDelegate.swift; sourceTree = "<group>"; };
		28435739193F71C6005BE04B /* ViewController.swift */ = {isa = PBXFileReference; lastKnownFileType = sourcecode.swift; path = ViewController.swift; sourceTree = "<group>"; };
		2843573C193F71C6005BE04B /* Base */ = {isa = PBXFileReference; lastKnownFileType = file.storyboard; name = Base; path = Base.lproj/Main.storyboard; sourceTree = "<group>"; };
		2843573E193F71C6005BE04B /* Images.xcassets */ = {isa = PBXFileReference; lastKnownFileType = folder.assetcatalog; path = Images.xcassets; sourceTree = "<group>"; };
		28435744193F71C7005BE04B /* TRZSyncScrollNavBarTitleTests.xctest */ = {isa = PBXFileReference; explicitFileType = wrapper.cfbundle; includeInIndex = 0; path = TRZSyncScrollNavBarTitleTests.xctest; sourceTree = BUILT_PRODUCTS_DIR; };
		28435749193F71C7005BE04B /* Info.plist */ = {isa = PBXFileReference; lastKnownFileType = text.plist.xml; path = Info.plist; sourceTree = "<group>"; };
		2843574A193F71C7005BE04B /* TRZSyncScrollNavBarTitleTests.swift */ = {isa = PBXFileReference; lastKnownFileType = sourcecode.swift; path = TRZSyncScrollNavBarTitleTests.swift; sourceTree = "<group>"; };
/* End PBXFileReference section */

/* Begin PBXFrameworksBuildPhase section */
		2843572F193F71C6005BE04B /* Frameworks */ = {
			isa = PBXFrameworksBuildPhase;
			buildActionMask = 2147483647;
			files = (
			);
			runOnlyForDeploymentPostprocessing = 0;
		};
		28435741193F71C7005BE04B /* Frameworks */ = {
			isa = PBXFrameworksBuildPhase;
			buildActionMask = 2147483647;
			files = (
			);
			runOnlyForDeploymentPostprocessing = 0;
		};
/* End PBXFrameworksBuildPhase section */

/* Begin PBXGroup section */
		28435729193F71C6005BE04B = {
			isa = PBXGroup;
			children = (
				28435734193F71C6005BE04B /* TRZSyncScrollNavBarTitle */,
				28435747193F71C7005BE04B /* TRZSyncScrollNavBarTitleTests */,
				28435733193F71C6005BE04B /* Products */,
			);
			sourceTree = "<group>";
		};
		28435733193F71C6005BE04B /* Products */ = {
			isa = PBXGroup;
			children = (
				28435732193F71C6005BE04B /* TRZSyncScrollNavBarTitle.app */,
				28435744193F71C7005BE04B /* TRZSyncScrollNavBarTitleTests.xctest */,
			);
			name = Products;
			sourceTree = "<group>";
		};
		28435734193F71C6005BE04B /* TRZSyncScrollNavBarTitle */ = {
			isa = PBXGroup;
			children = (
				28435737193F71C6005BE04B /* AppDelegate.swift */,
				28435739193F71C6005BE04B /* ViewController.swift */,
				2843573B193F71C6005BE04B /* Main.storyboard */,
				2843573E193F71C6005BE04B /* Images.xcassets */,
				28435735193F71C6005BE04B /* Supporting Files */,
			);
			path = TRZSyncScrollNavBarTitle;
			sourceTree = "<group>";
		};
		28435735193F71C6005BE04B /* Supporting Files */ = {
			isa = PBXGroup;
			children = (
				28435736193F71C6005BE04B /* Info.plist */,
			);
			name = "Supporting Files";
			sourceTree = "<group>";
		};
		28435747193F71C7005BE04B /* TRZSyncScrollNavBarTitleTests */ = {
			isa = PBXGroup;
			children = (
				2843574A193F71C7005BE04B /* TRZSyncScrollNavBarTitleTests.swift */,
				28435748193F71C7005BE04B /* Supporting Files */,
			);
			path = TRZSyncScrollNavBarTitleTests;
			sourceTree = "<group>";
		};
		28435748193F71C7005BE04B /* Supporting Files */ = {
			isa = PBXGroup;
			children = (
				28435749193F71C7005BE04B /* Info.plist */,
			);
			name = "Supporting Files";
			sourceTree = "<group>";
		};
/* End PBXGroup section */

/* Begin PBXNativeTarget section */
		28435731193F71C6005BE04B /* TRZSyncScrollNavBarTitle */ = {
			isa = PBXNativeTarget;
			buildConfigurationList = 2843574E193F71C7005BE04B /* Build configuration list for PBXNativeTarget "TRZSyncScrollNavBarTitle" */;
			buildPhases = (
				2843572E193F71C6005BE04B /* Sources */,
				2843572F193F71C6005BE04B /* Frameworks */,
				28435730193F71C6005BE04B /* Resources */,
			);
			buildRules = (
			);
			dependencies = (
			);
			name = TRZSyncScrollNavBarTitle;
			productName = TRZSyncScrollNavBarTitle;
			productReference = 28435732193F71C6005BE04B /* TRZSyncScrollNavBarTitle.app */;
			productType = "com.apple.product-type.application";
		};
		28435743193F71C7005BE04B /* TRZSyncScrollNavBarTitleTests */ = {
			isa = PBXNativeTarget;
			buildConfigurationList = 28435751193F71C7005BE04B /* Build configuration list for PBXNativeTarget "TRZSyncScrollNavBarTitleTests" */;
			buildPhases = (
				28435740193F71C7005BE04B /* Sources */,
				28435741193F71C7005BE04B /* Frameworks */,
				28435742193F71C7005BE04B /* Resources */,
			);
			buildRules = (
			);
			dependencies = (
				28435746193F71C7005BE04B /* PBXTargetDependency */,
			);
			name = TRZSyncScrollNavBarTitleTests;
			productName = TRZSyncScrollNavBarTitleTests;
			productReference = 28435744193F71C7005BE04B /* TRZSyncScrollNavBarTitleTests.xctest */;
			productType = "com.apple.product-type.bundle.unit-test";
		};
/* End PBXNativeTarget section */

/* Begin PBXProject section */
		2843572A193F71C6005BE04B /* Project object */ = {
			isa = PBXProject;
			attributes = {
				LastUpgradeCheck = 0600;
				ORGANIZATIONNAME = 86;
				TargetAttributes = {
					28435731193F71C6005BE04B = {
						CreatedOnToolsVersion = 6.0;
					};
					28435743193F71C7005BE04B = {
						CreatedOnToolsVersion = 6.0;
						TestTargetID = 28435731193F71C6005BE04B;
					};
				};
			};
			buildConfigurationList = 2843572D193F71C6005BE04B /* Build configuration list for PBXProject "TRZSyncScrollNavBarTitle" */;
			compatibilityVersion = "Xcode 3.2";
			developmentRegion = English;
			hasScannedForEncodings = 0;
			knownRegions = (
				en,
				Base,
			);
			mainGroup = 28435729193F71C6005BE04B;
			productRefGroup = 28435733193F71C6005BE04B /* Products */;
			projectDirPath = "";
			projectRoot = "";
			targets = (
				28435731193F71C6005BE04B /* TRZSyncScrollNavBarTitle */,
				28435743193F71C7005BE04B /* TRZSyncScrollNavBarTitleTests */,
			);
		};
/* End PBXProject section */

/* Begin PBXResourcesBuildPhase section */
		28435730193F71C6005BE04B /* Resources */ = {
			isa = PBXResourcesBuildPhase;
			buildActionMask = 2147483647;
			files = (
				2843573D193F71C6005BE04B /* Main.storyboard in Resources */,
				2843573F193F71C6005BE04B /* Images.xcassets in Resources */,
			);
			runOnlyForDeploymentPostprocessing = 0;
		};
		28435742193F71C7005BE04B /* Resources */ = {
			isa = PBXResourcesBuildPhase;
			buildActionMask = 2147483647;
			files = (
			);
			runOnlyForDeploymentPostprocessing = 0;
		};
/* End PBXResourcesBuildPhase section */

/* Begin PBXSourcesBuildPhase section */
		2843572E193F71C6005BE04B /* Sources */ = {
			isa = PBXSourcesBuildPhase;
			buildActionMask = 2147483647;
			files = (
				2843573A193F71C6005BE04B /* ViewController.swift in Sources */,
				28435738193F71C6005BE04B /* AppDelegate.swift in Sources */,
			);
			runOnlyForDeploymentPostprocessing = 0;
		};
		28435740193F71C7005BE04B /* Sources */ = {
			isa = PBXSourcesBuildPhase;
			buildActionMask = 2147483647;
			files = (
				2843574B193F71C7005BE04B /* TRZSyncScrollNavBarTitleTests.swift in Sources */,
			);
			runOnlyForDeploymentPostprocessing = 0;
		};
/* End PBXSourcesBuildPhase section */

/* Begin PBXTargetDependency section */
		28435746193F71C7005BE04B /* PBXTargetDependency */ = {
			isa = PBXTargetDependency;
			target = 28435731193F71C6005BE04B /* TRZSyncScrollNavBarTitle */;
			targetProxy = 28435745193F71C7005BE04B /* PBXContainerItemProxy */;
		};
/* End PBXTargetDependency section */

/* Begin PBXVariantGroup section */
		2843573B193F71C6005BE04B /* Main.storyboard */ = {
			isa = PBXVariantGroup;
			children = (
				2843573C193F71C6005BE04B /* Base */,
			);
			name = Main.storyboard;
			sourceTree = "<group>";
		};
/* End PBXVariantGroup section */

/* Begin XCBuildConfiguration section */
		2843574C193F71C7005BE04B /* Debug */ = {
			isa = XCBuildConfiguration;
			buildSettings = {
				ALWAYS_SEARCH_USER_PATHS = NO;
				CLANG_CXX_LANGUAGE_STANDARD = "gnu++0x";
				CLANG_CXX_LIBRARY = "libc++";
				CLANG_ENABLE_MODULES = YES;
				CLANG_ENABLE_OBJC_ARC = YES;
				CLANG_WARN_BOOL_CONVERSION = YES;
				CLANG_WARN_CONSTANT_CONVERSION = YES;
				CLANG_WARN_DIRECT_OBJC_ISA_USAGE = YES_ERROR;
				CLANG_WARN_EMPTY_BODY = YES;
				CLANG_WARN_ENUM_CONVERSION = YES;
				CLANG_WARN_INT_CONVERSION = YES;
				CLANG_WARN_OBJC_ROOT_CLASS = YES_ERROR;
				CLANG_WARN_UNREACHABLE_CODE = YES;
				CLANG_WARN__DUPLICATE_METHOD_MATCH = YES;
				"CODE_SIGN_IDENTITY[sdk=iphoneos*]" = "iPhone Developer";
				COPY_PHASE_STRIP = NO;
				ENABLE_STRICT_OBJC_MSGSEND = YES;
				GCC_C_LANGUAGE_STANDARD = gnu99;
				GCC_DYNAMIC_NO_PIC = NO;
				GCC_OPTIMIZATION_LEVEL = 0;
				GCC_PREPROCESSOR_DEFINITIONS = (
					"DEBUG=1",
					"$(inherited)",
				);
				GCC_SYMBOLS_PRIVATE_EXTERN = NO;
				GCC_WARN_64_TO_32_BIT_CONVERSION = YES;
				GCC_WARN_ABOUT_RETURN_TYPE = YES_ERROR;
				GCC_WARN_UNDECLARED_SELECTOR = YES;
				GCC_WARN_UNINITIALIZED_AUTOS = YES_AGGRESSIVE;
				GCC_WARN_UNUSED_FUNCTION = YES;
				GCC_WARN_UNUSED_VARIABLE = YES;
				IPHONEOS_DEPLOYMENT_TARGET = 8.0;
				METAL_ENABLE_DEBUG_INFO = YES;
				ONLY_ACTIVE_ARCH = YES;
				SDKROOT = iphoneos;
				SWIFT_OPTIMIZATION_LEVEL = "-Onone";
			};
			name = Debug;
		};
		2843574D193F71C7005BE04B /* Release */ = {
			isa = XCBuildConfiguration;
			buildSettings = {
				ALWAYS_SEARCH_USER_PATHS = NO;
				CLANG_CXX_LANGUAGE_STANDARD = "gnu++0x";
				CLANG_CXX_LIBRARY = "libc++";
				CLANG_ENABLE_MODULES = YES;
				CLANG_ENABLE_OBJC_ARC = YES;
				CLANG_WARN_BOOL_CONVERSION = YES;
				CLANG_WARN_CONSTANT_CONVERSION = YES;
				CLANG_WARN_DIRECT_OBJC_ISA_USAGE = YES_ERROR;
				CLANG_WARN_EMPTY_BODY = YES;
				CLANG_WARN_ENUM_CONVERSION = YES;
				CLANG_WARN_INT_CONVERSION = YES;
				CLANG_WARN_OBJC_ROOT_CLASS = YES_ERROR;
				CLANG_WARN_UNREACHABLE_CODE = YES;
				CLANG_WARN__DUPLICATE_METHOD_MATCH = YES;
				"CODE_SIGN_IDENTITY[sdk=iphoneos*]" = "iPhone Developer";
				COPY_PHASE_STRIP = YES;
				ENABLE_NS_ASSERTIONS = NO;
				ENABLE_STRICT_OBJC_MSGSEND = YES;
				GCC_C_LANGUAGE_STANDARD = gnu99;
				GCC_WARN_64_TO_32_BIT_CONVERSION = YES;
				GCC_WARN_ABOUT_RETURN_TYPE = YES_ERROR;
				GCC_WARN_UNDECLARED_SELECTOR = YES;
				GCC_WARN_UNINITIALIZED_AUTOS = YES_AGGRESSIVE;
				GCC_WARN_UNUSED_FUNCTION = YES;
				GCC_WARN_UNUSED_VARIABLE = YES;
				IPHONEOS_DEPLOYMENT_TARGET = 8.0;
				METAL_ENABLE_DEBUG_INFO = NO;
				SDKROOT = iphoneos;
				VALIDATE_PRODUCT = YES;
			};
			name = Release;
		};
		2843574F193F71C7005BE04B /* Debug */ = {
			isa = XCBuildConfiguration;
			buildSettings = {
				ASSETCATALOG_COMPILER_APPICON_NAME = AppIcon;
				ASSETCATALOG_COMPILER_LAUNCHIMAGE_NAME = LaunchImage;
				INFOPLIST_FILE = TRZSyncScrollNavBarTitle/Info.plist;
				LD_RUNPATH_SEARCH_PATHS = "$(inherited) @executable_path/Frameworks";
				PRODUCT_NAME = "$(TARGET_NAME)";
			};
			name = Debug;
		};
		28435750193F71C7005BE04B /* Release */ = {
			isa = XCBuildConfiguration;
			buildSettings = {
				ASSETCATALOG_COMPILER_APPICON_NAME = AppIcon;
				ASSETCATALOG_COMPILER_LAUNCHIMAGE_NAME = LaunchImage;
				INFOPLIST_FILE = TRZSyncScrollNavBarTitle/Info.plist;
				LD_RUNPATH_SEARCH_PATHS = "$(inherited) @executable_path/Frameworks";
				PRODUCT_NAME = "$(TARGET_NAME)";
			};
			name = Release;
		};
		28435752193F71C7005BE04B /* Debug */ = {
			isa = XCBuildConfiguration;
			buildSettings = {
				BUNDLE_LOADER = "$(BUILT_PRODUCTS_DIR)/TRZSyncScrollNavBarTitle.app/TRZSyncScrollNavBarTitle";
				FRAMEWORK_SEARCH_PATHS = (
					"$(SDKROOT)/Developer/Library/Frameworks",
					"$(inherited)",
				);
				GCC_PREPROCESSOR_DEFINITIONS = (
					"DEBUG=1",
					"$(inherited)",
				);
				INFOPLIST_FILE = TRZSyncScrollNavBarTitleTests/Info.plist;
				LD_RUNPATH_SEARCH_PATHS = "$(inherited) @executable_path/Frameworks @loader_path/Frameworks";
				METAL_ENABLE_DEBUG_INFO = YES;
				PRODUCT_NAME = "$(TARGET_NAME)";
				TEST_HOST = "$(BUNDLE_LOADER)";
			};
			name = Debug;
		};
		28435753193F71C7005BE04B /* Release */ = {
			isa = XCBuildConfiguration;
			buildSettings = {
				BUNDLE_LOADER = "$(BUILT_PRODUCTS_DIR)/TRZSyncScrollNavBarTitle.app/TRZSyncScrollNavBarTitle";
				FRAMEWORK_SEARCH_PATHS = (
					"$(SDKROOT)/Developer/Library/Frameworks",
					"$(inherited)",
				);
				INFOPLIST_FILE = TRZSyncScrollNavBarTitleTests/Info.plist;
				LD_RUNPATH_SEARCH_PATHS = "$(inherited) @executable_path/Frameworks @loader_path/Frameworks";
				METAL_ENABLE_DEBUG_INFO = NO;
				PRODUCT_NAME = "$(TARGET_NAME)";
				TEST_HOST = "$(BUNDLE_LOADER)";
			};
			name = Release;
		};
/* End XCBuildConfiguration section */

/* Begin XCConfigurationList section */
		2843572D193F71C6005BE04B /* Build configuration list for PBXProject "TRZSyncScrollNavBarTitle" */ = {
			isa = XCConfigurationList;
			buildConfigurations = (
				2843574C193F71C7005BE04B /* Debug */,
				2843574D193F71C7005BE04B /* Release */,
			);
			defaultConfigurationIsVisible = 0;
			defaultConfigurationName = Release;
		};
		2843574E193F71C7005BE04B /* Build configuration list for PBXNativeTarget "TRZSyncScrollNavBarTitle" */ = {
			isa = XCConfigurationList;
			buildConfigurations = (
				2843574F193F71C7005BE04B /* Debug */,
				28435750193F71C7005BE04B /* Release */,
			);
			defaultConfigurationIsVisible = 0;
		};
		28435751193F71C7005BE04B /* Build configuration list for PBXNativeTarget "TRZSyncScrollNavBarTitleTests" */ = {
			isa = XCConfigurationList;
			buildConfigurations = (
				28435752193F71C7005BE04B /* Debug */,
				28435753193F71C7005BE04B /* Release */,
			);
			defaultConfigurationIsVisible = 0;
		};
/* End XCConfigurationList section */
	};
	rootObject = 2843572A193F71C6005BE04B /* Project object */;
}
